
Microsoft Visual Studio Solution File, Format Version 12.00
# Visual Studio 15
VisualStudioVersion = 15.0.28010.2016
MinimumVisualStudioVersion = 10.0.40219.1
Project("{FAE04EC0-301F-11D3-BF4B-00C04F79EFBC}") = "BlockChainClient", "BlockChainClient\BlockChainClient.csproj", "{4D67BA25-FF52-48B9-AEB7-89D401F8A640}"
EndProject
Project("{FAE04EC0-301F-11D3-BF4B-00C04F79EFBC}") = "BlockChainForms", "BlockChainForms\BlockChainForms.csproj", "{CF0B47AC-16D8-4168-A808-A44352201A2A}"
EndProject
Project("{FAE04EC0-301F-11D3-BF4B-00C04F79EFBC}") = "BlockChain", "BlockChain\BlockChain.csproj", "{6C6135E0-B4A3-42F5-98D4-57FE9B528361}"
EndProject
Global
	GlobalSection(SolutionConfigurationPlatforms) = preSolution
		Debug|Any CPU = Debug|Any CPU
		Release|Any CPU = Release|Any CPU
	EndGlobalSection
	GlobalSection(ProjectConfigurationPlatforms) = postSolution
		{4D67BA25-FF52-48B9-AEB7-89D401F8A640}.Debug|Any CPU.ActiveCfg = Debug|Any CPU
		{4D67BA25-FF52-48B9-AEB7-89D401F8A640}.Debug|Any CPU.Build.0 = Debug|Any CPU
		{4D67BA25-FF52-48B9-AEB7-89D401F8A640}.Release|Any CPU.ActiveCfg = Release|Any CPU
		{4D67BA25-FF52-48B9-AEB7-89D401F8A640}.Release|Any CPU.Build.0 = Release|Any CPU
		{CF0B47AC-16D8-4168-A808-A44352201A2A}.Debug|Any CPU.ActiveCfg = Debug|Any CPU
		{CF0B47AC-16D8-4168-A808-A44352201A2A}.Debug|Any CPU.Build.0 = Debug|Any CPU
		{CF0B47AC-16D8-4168-A808-A44352201A2A}.Release|Any CPU.ActiveCfg = Release|Any CPU
		{CF0B47AC-16D8-4168-A808-A44352201A2A}.Release|Any CPU.Build.0 = Release|Any CPU
		{6C6135E0-B4A3-42F5-98D4-57FE9B528361}.Debug|Any CPU.ActiveCfg = Debug|Any CPU
		{6C6135E0-B4A3-42F5-98D4-57FE9B528361}.Debug|Any CPU.Build.0 = Debug|Any CPU
		{6C6135E0-B4A3-42F5-98D4-57FE9B528361}.Release|Any CPU.ActiveCfg = Release|Any CPU
		{6C6135E0-B4A3-42F5-98D4-57FE9B528361}.Release|Any CPU.Build.0 = Release|Any CPU
	EndGlobalSection
	GlobalSection(SolutionProperties) = preSolution
		HideSolutionNode = FALSE
	EndGlobalSection
	GlobalSection(ExtensibilityGlobals) = postSolution
		SolutionGuid = {C767EB15-06E5-4635-9C60-00C875FA8F7D}
	EndGlobalSection
EndGlobal
